
Microsoft Visual Studio Solution File, Format Version 12.00
# Visual Studio Version 16
VisualStudioVersion = 16.0.30804.86
MinimumVisualStudioVersion = 10.0.40219.1
Project("{FAE04EC0-301F-11D3-BF4B-00C04F79EFBC}") = "Ejercicio4", "Ejercicio4\Ejercicio4.csproj", "{EA03B5B1-D20B-429C-840F-69094D7DF326}"
EndProject
Global
	GlobalSection(SolutionConfigurationPlatforms) = preSolution
		Debug|Any CPU = Debug|Any CPU
		Release|Any CPU = Release|Any CPU
	EndGlobalSection
	GlobalSection(ProjectConfigurationPlatforms) = postSolution
		{EA03B5B1-D20B-429C-840F-69094D7DF326}.Debug|Any CPU.ActiveCfg = Debug|Any CPU
		{EA03B5B1-D20B-429C-840F-69094D7DF326}.Debug|Any CPU.Build.0 = Debug|Any CPU
		{EA03B5B1-D20B-429C-840F-69094D7DF326}.Release|Any CPU.ActiveCfg = Release|Any CPU
		{EA03B5B1-D20B-429C-840F-69094D7DF326}.Release|Any CPU.Build.0 = Release|Any CPU
	EndGlobalSection
	GlobalSection(SolutionProperties) = preSolution
		HideSolutionNode = FALSE
	EndGlobalSection
	GlobalSection(ExtensibilityGlobals) = postSolution
		SolutionGuid = {CD4EE5B5-DF8A-48CB-AE4B-63A0587DA9DC}
	EndGlobalSection
EndGlobal
